// !$*UTF8*$!
{
	archiveVersion = 1;
	classes = {
	};
	objectVersion = 56;
	objects = {

/* Begin PBXBuildFile section */
		22DD4BF32A1125D5001EE3FA /* AppDelegate.swift in Sources */ = {isa = PBXBuildFile; fileRef = 22DD4BF22A1125D5001EE3FA /* AppDelegate.swift */; };
		22DD4BF52A1125D5001EE3FA /* SceneDelegate.swift in Sources */ = {isa = PBXBuildFile; fileRef = 22DD4BF42A1125D5001EE3FA /* SceneDelegate.swift */; };
		22DD4BF72A1125D5001EE3FA /* ViewController.swift in Sources */ = {isa = PBXBuildFile; fileRef = 22DD4BF62A1125D5001EE3FA /* ViewController.swift */; };
		22DD4BFA2A1125D5001EE3FA /* Main.storyboard in Resources */ = {isa = PBXBuildFile; fileRef = 22DD4BF82A1125D5001EE3FA /* Main.storyboard */; };
		22DD4BFC2A1125D7001EE3FA /* Assets.xcassets in Resources */ = {isa = PBXBuildFile; fileRef = 22DD4BFB2A1125D7001EE3FA /* Assets.xcassets */; };
		22DD4BFF2A1125D7001EE3FA /* LaunchScreen.storyboard in Resources */ = {isa = PBXBuildFile; fileRef = 22DD4BFD2A1125D7001EE3FA /* LaunchScreen.storyboard */; };
		22DD4C0A2A112A08001EE3FA /* ApiViewController.swift in Sources */ = {isa = PBXBuildFile; fileRef = 22DD4C082A112A08001EE3FA /* ApiViewController.swift */; };
		22DD4C0B2A112A08001EE3FA /* ApiViewController.xib in Resources */ = {isa = PBXBuildFile; fileRef = 22DD4C092A112A08001EE3FA /* ApiViewController.xib */; };
		22DD4C0E2A112A8F001EE3FA /* Models.swift in Sources */ = {isa = PBXBuildFile; fileRef = 22DD4C0D2A112A8F001EE3FA /* Models.swift */; };
		22DD4C102A112F9F001EE3FA /* ApiViewControllerEx.swift in Sources */ = {isa = PBXBuildFile; fileRef = 22DD4C0F2A112F9F001EE3FA /* ApiViewControllerEx.swift */; };
		22F1EA4B2A11485A0096BE31 /* BouncingBallViewController.swift in Sources */ = {isa = PBXBuildFile; fileRef = 22F1EA492A11485A0096BE31 /* BouncingBallViewController.swift */; };
		22F1EA4C2A11485A0096BE31 /* BouncingBallViewController.xib in Resources */ = {isa = PBXBuildFile; fileRef = 22F1EA4A2A11485A0096BE31 /* BouncingBallViewController.xib */; };
/* End PBXBuildFile section */

/* Begin PBXFileReference section */
		22DD4BEF2A1125D5001EE3FA /* HomeWork8.app */ = {isa = PBXFileReference; explicitFileType = wrapper.application; includeInIndex = 0; path = HomeWork8.app; sourceTree = BUILT_PRODUCTS_DIR; };
		22DD4BF22A1125D5001EE3FA /* AppDelegate.swift */ = {isa = PBXFileReference; lastKnownFileType = sourcecode.swift; path = AppDelegate.swift; sourceTree = "<group>"; };
		22DD4BF42A1125D5001EE3FA /* SceneDelegate.swift */ = {isa = PBXFileReference; lastKnownFileType = sourcecode.swift; path = SceneDelegate.swift; sourceTree = "<group>"; };
		22DD4BF62A1125D5001EE3FA /* ViewController.swift */ = {isa = PBXFileReference; lastKnownFileType = sourcecode.swift; path = ViewController.swift; sourceTree = "<group>"; };
		22DD4BF92A1125D5001EE3FA /* Base */ = {isa = PBXFileReference; lastKnownFileType = file.storyboard; name = Base; path = Base.lproj/Main.storyboard; sourceTree = "<group>"; };
		22DD4BFB2A1125D7001EE3FA /* Assets.xcassets */ = {isa = PBXFileReference; lastKnownFileType = folder.assetcatalog; path = Assets.xcassets; sourceTree = "<group>"; };
		22DD4BFE2A1125D7001EE3FA /* Base */ = {isa = PBXFileReference; lastKnownFileType = file.storyboard; name = Base; path = Base.lproj/LaunchScreen.storyboard; sourceTree = "<group>"; };
		22DD4C002A1125D7001EE3FA /* Info.plist */ = {isa = PBXFileReference; lastKnownFileType = text.plist.xml; path = Info.plist; sourceTree = "<group>"; };
		22DD4C082A112A08001EE3FA /* ApiViewController.swift */ = {isa = PBXFileReference; lastKnownFileType = sourcecode.swift; path = ApiViewController.swift; sourceTree = "<group>"; };
		22DD4C092A112A08001EE3FA /* ApiViewController.xib */ = {isa = PBXFileReference; lastKnownFileType = file.xib; path = ApiViewController.xib; sourceTree = "<group>"; };
		22DD4C0D2A112A8F001EE3FA /* Models.swift */ = {isa = PBXFileReference; lastKnownFileType = sourcecode.swift; path = Models.swift; sourceTree = "<group>"; };
		22DD4C0F2A112F9F001EE3FA /* ApiViewControllerEx.swift */ = {isa = PBXFileReference; lastKnownFileType = sourcecode.swift; path = ApiViewControllerEx.swift; sourceTree = "<group>"; };
		22F1EA492A11485A0096BE31 /* BouncingBallViewController.swift */ = {isa = PBXFileReference; lastKnownFileType = sourcecode.swift; path = BouncingBallViewController.swift; sourceTree = "<group>"; };
		22F1EA4A2A11485A0096BE31 /* BouncingBallViewController.xib */ = {isa = PBXFileReference; lastKnownFileType = file.xib; path = BouncingBallViewController.xib; sourceTree = "<group>"; };
/* End PBXFileReference section */

/* Begin PBXFrameworksBuildPhase section */
		22DD4BEC2A1125D5001EE3FA /* Frameworks */ = {
			isa = PBXFrameworksBuildPhase;
			buildActionMask = 2147483647;
			files = (
			);
			runOnlyForDeploymentPostprocessing = 0;
		};
/* End PBXFrameworksBuildPhase section */

/* Begin PBXGroup section */
		22DD4BE62A1125D5001EE3FA = {
			isa = PBXGroup;
			children = (
				22DD4BF12A1125D5001EE3FA /* HomeWork8 */,
				22DD4BF02A1125D5001EE3FA /* Products */,
			);
			sourceTree = "<group>";
		};
		22DD4BF02A1125D5001EE3FA /* Products */ = {
			isa = PBXGroup;
			children = (
				22DD4BEF2A1125D5001EE3FA /* HomeWork8.app */,
			);
			name = Products;
			sourceTree = "<group>";
		};
		22DD4BF12A1125D5001EE3FA /* HomeWork8 */ = {
			isa = PBXGroup;
			children = (
				22DD4C072A112641001EE3FA /* api */,
				22DD4C062A112631001EE3FA /* ball */,
				22DD4BF22A1125D5001EE3FA /* AppDelegate.swift */,
				22DD4BF42A1125D5001EE3FA /* SceneDelegate.swift */,
				22DD4BF62A1125D5001EE3FA /* ViewController.swift */,
				22DD4BF82A1125D5001EE3FA /* Main.storyboard */,
				22DD4BFB2A1125D7001EE3FA /* Assets.xcassets */,
				22DD4BFD2A1125D7001EE3FA /* LaunchScreen.storyboard */,
				22DD4C002A1125D7001EE3FA /* Info.plist */,
			);
			path = HomeWork8;
			sourceTree = "<group>";
		};
		22DD4C062A112631001EE3FA /* ball */ = {
			isa = PBXGroup;
			children = (
				22F1EA492A11485A0096BE31 /* BouncingBallViewController.swift */,
				22F1EA4A2A11485A0096BE31 /* BouncingBallViewController.xib */,
			);
			path = ball;
			sourceTree = "<group>";
		};
		22DD4C072A112641001EE3FA /* api */ = {
			isa = PBXGroup;
			children = (
				22DD4C082A112A08001EE3FA /* ApiViewController.swift */,
				22DD4C092A112A08001EE3FA /* ApiViewController.xib */,
				22DD4C0D2A112A8F001EE3FA /* Models.swift */,
				22DD4C0F2A112F9F001EE3FA /* ApiViewControllerEx.swift */,
			);
			path = api;
			sourceTree = "<group>";
		};
/* End PBXGroup section */

/* Begin PBXNativeTarget section */
		22DD4BEE2A1125D5001EE3FA /* HomeWork8 */ = {
			isa = PBXNativeTarget;
			buildConfigurationList = 22DD4C032A1125D7001EE3FA /* Build configuration list for PBXNativeTarget "HomeWork8" */;
			buildPhases = (
				22DD4BEB2A1125D5001EE3FA /* Sources */,
				22DD4BEC2A1125D5001EE3FA /* Frameworks */,
				22DD4BED2A1125D5001EE3FA /* Resources */,
			);
			buildRules = (
			);
			dependencies = (
			);
			name = HomeWork8;
			productName = HomeWork8;
			productReference = 22DD4BEF2A1125D5001EE3FA /* HomeWork8.app */;
			productType = "com.apple.product-type.application";
		};
/* End PBXNativeTarget section */

/* Begin PBXProject section */
		22DD4BE72A1125D5001EE3FA /* Project object */ = {
			isa = PBXProject;
			attributes = {
				BuildIndependentTargetsInParallel = 1;
				LastSwiftUpdateCheck = 1430;
				LastUpgradeCheck = 1430;
				TargetAttributes = {
					22DD4BEE2A1125D5001EE3FA = {
						CreatedOnToolsVersion = 14.3;
					};
				};
			};
			buildConfigurationList = 22DD4BEA2A1125D5001EE3FA /* Build configuration list for PBXProject "HomeWork8" */;
			compatibilityVersion = "Xcode 14.0";
			developmentRegion = en;
			hasScannedForEncodings = 0;
			knownRegions = (
				en,
				Base,
			);
			mainGroup = 22DD4BE62A1125D5001EE3FA;
			productRefGroup = 22DD4BF02A1125D5001EE3FA /* Products */;
			projectDirPath = "";
			projectRoot = "";
			targets = (
				22DD4BEE2A1125D5001EE3FA /* HomeWork8 */,
			);
		};
/* End PBXProject section */

/* Begin PBXResourcesBuildPhase section */
		22DD4BED2A1125D5001EE3FA /* Resources */ = {
			isa = PBXResourcesBuildPhase;
			buildActionMask = 2147483647;
			files = (
				22DD4BFF2A1125D7001EE3FA /* LaunchScreen.storyboard in Resources */,
				22DD4BFC2A1125D7001EE3FA /* Assets.xcassets in Resources */,
				22DD4BFA2A1125D5001EE3FA /* Main.storyboard in Resources */,
				22F1EA4C2A11485A0096BE31 /* BouncingBallViewController.xib in Resources */,
				22DD4C0B2A112A08001EE3FA /* ApiViewController.xib in Resources */,
			);
			runOnlyForDeploymentPostprocessing = 0;
		};
/* End PBXResourcesBuildPhase section */

/* Begin PBXSourcesBuildPhase section */
		22DD4BEB2A1125D5001EE3FA /* Sources */ = {
			isa = PBXSourcesBuildPhase;
			buildActionMask = 2147483647;
			files = (
				22DD4BF72A1125D5001EE3FA /* ViewController.swift in Sources */,
				22DD4BF32A1125D5001EE3FA /* AppDelegate.swift in Sources */,
				22DD4BF52A1125D5001EE3FA /* SceneDelegate.swift in Sources */,
				22DD4C0A2A112A08001EE3FA /* ApiViewController.swift in Sources */,
				22F1EA4B2A11485A0096BE31 /* BouncingBallViewController.swift in Sources */,
				22DD4C102A112F9F001EE3FA /* ApiViewControllerEx.swift in Sources */,
				22DD4C0E2A112A8F001EE3FA /* Models.swift in Sources */,
			);
			runOnlyForDeploymentPostprocessing = 0;
		};
/* End PBXSourcesBuildPhase section */

/* Begin PBXVariantGroup section */
		22DD4BF82A1125D5001EE3FA /* Main.storyboard */ = {
			isa = PBXVariantGroup;
			children = (
				22DD4BF92A1125D5001EE3FA /* Base */,
			);
			name = Main.storyboard;
			sourceTree = "<group>";
		};
		22DD4BFD2A1125D7001EE3FA /* LaunchScreen.storyboard */ = {
			isa = PBXVariantGroup;
			children = (
				22DD4BFE2A1125D7001EE3FA /* Base */,
			);
			name = LaunchScreen.storyboard;
			sourceTree = "<group>";
		};
/* End PBXVariantGroup section */

/* Begin XCBuildConfiguration section */
		22DD4C012A1125D7001EE3FA /* Debug */ = {
			isa = XCBuildConfiguration;
			buildSettings = {
				ALWAYS_SEARCH_USER_PATHS = NO;
				CLANG_ANALYZER_NONNULL = YES;
				CLANG_ANALYZER_NUMBER_OBJECT_CONVERSION = YES_AGGRESSIVE;
				CLANG_CXX_LANGUAGE_STANDARD = "gnu++20";
				CLANG_ENABLE_MODULES = YES;
				CLANG_ENABLE_OBJC_ARC = YES;
				CLANG_ENABLE_OBJC_WEAK = YES;
				CLANG_WARN_BLOCK_CAPTURE_AUTORELEASING = YES;
				CLANG_WARN_BOOL_CONVERSION = YES;
				CLANG_WARN_COMMA = YES;
				CLANG_WARN_CONSTANT_CONVERSION = YES;
				CLANG_WARN_DEPRECATED_OBJC_IMPLEMENTATIONS = YES;
				CLANG_WARN_DIRECT_OBJC_ISA_USAGE = YES_ERROR;
				CLANG_WARN_DOCUMENTATION_COMMENTS = YES;
				CLANG_WARN_EMPTY_BODY = YES;
				CLANG_WARN_ENUM_CONVERSION = YES;
				CLANG_WARN_INFINITE_RECURSION = YES;
				CLANG_WARN_INT_CONVERSION = YES;
				CLANG_WARN_NON_LITERAL_NULL_CONVERSION = YES;
				CLANG_WARN_OBJC_IMPLICIT_RETAIN_SELF = YES;
				CLANG_WARN_OBJC_LITERAL_CONVERSION = YES;
				CLANG_WARN_OBJC_ROOT_CLASS = YES_ERROR;
				CLANG_WARN_QUOTED_INCLUDE_IN_FRAMEWORK_HEADER = YES;
				CLANG_WARN_RANGE_LOOP_ANALYSIS = YES;
				CLANG_WARN_STRICT_PROTOTYPES = YES;
				CLANG_WARN_SUSPICIOUS_MOVE = YES;
				CLANG_WARN_UNGUARDED_AVAILABILITY = YES_AGGRESSIVE;
				CLANG_WARN_UNREACHABLE_CODE = YES;
				CLANG_WARN__DUPLICATE_METHOD_MATCH = YES;
				COPY_PHASE_STRIP = NO;
				DEBUG_INFORMATION_FORMAT = dwarf;
				ENABLE_STRICT_OBJC_MSGSEND = YES;
				ENABLE_TESTABILITY = YES;
				GCC_C_LANGUAGE_STANDARD = gnu11;
				GCC_DYNAMIC_NO_PIC = NO;
				GCC_NO_COMMON_BLOCKS = YES;
				GCC_OPTIMIZATION_LEVEL = 0;
				GCC_PREPROCESSOR_DEFINITIONS = (
					"DEBUG=1",
					"$(inherited)",
				);
				GCC_WARN_64_TO_32_BIT_CONVERSION = YES;
				GCC_WARN_ABOUT_RETURN_TYPE = YES_ERROR;
				GCC_WARN_UNDECLARED_SELECTOR = YES;
				GCC_WARN_UNINITIALIZED_AUTOS = YES_AGGRESSIVE;
				GCC_WARN_UNUSED_FUNCTION = YES;
				GCC_WARN_UNUSED_VARIABLE = YES;
				IPHONEOS_DEPLOYMENT_TARGET = 16.4;
				MTL_ENABLE_DEBUG_INFO = INCLUDE_SOURCE;
				MTL_FAST_MATH = YES;
				ONLY_ACTIVE_ARCH = YES;
				SDKROOT = iphoneos;
				SWIFT_ACTIVE_COMPILATION_CONDITIONS = DEBUG;
				SWIFT_OPTIMIZATION_LEVEL = "-Onone";
			};
			name = Debug;
		};
		22DD4C022A1125D7001EE3FA /* Release */ = {
			isa = XCBuildConfiguration;
			buildSettings = {
				ALWAYS_SEARCH_USER_PATHS = NO;
				CLANG_ANALYZER_NONNULL = YES;
				CLANG_ANALYZER_NUMBER_OBJECT_CONVERSION = YES_AGGRESSIVE;
				CLANG_CXX_LANGUAGE_STANDARD = "gnu++20";
				CLANG_ENABLE_MODULES = YES;
				CLANG_ENABLE_OBJC_ARC = YES;
				CLANG_ENABLE_OBJC_WEAK = YES;
				CLANG_WARN_BLOCK_CAPTURE_AUTORELEASING = YES;
				CLANG_WARN_BOOL_CONVERSION = YES;
				CLANG_WARN_COMMA = YES;
				CLANG_WARN_CONSTANT_CONVERSION = YES;
				CLANG_WARN_DEPRECATED_OBJC_IMPLEMENTATIONS = YES;
				CLANG_WARN_DIRECT_OBJC_ISA_USAGE = YES_ERROR;
				CLANG_WARN_DOCUMENTATION_COMMENTS = YES;
				CLANG_WARN_EMPTY_BODY = YES;
				CLANG_WARN_ENUM_CONVERSION = YES;
				CLANG_WARN_INFINITE_RECURSION = YES;
				CLANG_WARN_INT_CONVERSION = YES;
				CLANG_WARN_NON_LITERAL_NULL_CONVERSION = YES;
				CLANG_WARN_OBJC_IMPLICIT_RETAIN_SELF = YES;
				CLANG_WARN_OBJC_LITERAL_CONVERSION = YES;
				CLANG_WARN_OBJC_ROOT_CLASS = YES_ERROR;
				CLANG_WARN_QUOTED_INCLUDE_IN_FRAMEWORK_HEADER = YES;
				CLANG_WARN_RANGE_LOOP_ANALYSIS = YES;
				CLANG_WARN_STRICT_PROTOTYPES = YES;
				CLANG_WARN_SUSPICIOUS_MOVE = YES;
				CLANG_WARN_UNGUARDED_AVAILABILITY = YES_AGGRESSIVE;
				CLANG_WARN_UNREACHABLE_CODE = YES;
				CLANG_WARN__DUPLICATE_METHOD_MATCH = YES;
				COPY_PHASE_STRIP = NO;
				DEBUG_INFORMATION_FORMAT = "dwarf-with-dsym";
				ENABLE_NS_ASSERTIONS = NO;
				ENABLE_STRICT_OBJC_MSGSEND = YES;
				GCC_C_LANGUAGE_STANDARD = gnu11;
				GCC_NO_COMMON_BLOCKS = YES;
				GCC_WARN_64_TO_32_BIT_CONVERSION = YES;
				GCC_WARN_ABOUT_RETURN_TYPE = YES_ERROR;
				GCC_WARN_UNDECLARED_SELECTOR = YES;
				GCC_WARN_UNINITIALIZED_AUTOS = YES_AGGRESSIVE;
				GCC_WARN_UNUSED_FUNCTION = YES;
				GCC_WARN_UNUSED_VARIABLE = YES;
				IPHONEOS_DEPLOYMENT_TARGET = 16.4;
				MTL_ENABLE_DEBUG_INFO = NO;
				MTL_FAST_MATH = YES;
				SDKROOT = iphoneos;
				SWIFT_COMPILATION_MODE = wholemodule;
				SWIFT_OPTIMIZATION_LEVEL = "-O";
				VALIDATE_PRODUCT = YES;
			};
			name = Release;
		};
		22DD4C042A1125D7001EE3FA /* Debug */ = {
			isa = XCBuildConfiguration;
			buildSettings = {
				ASSETCATALOG_COMPILER_APPICON_NAME = AppIcon;
				ASSETCATALOG_COMPILER_GLOBAL_ACCENT_COLOR_NAME = AccentColor;
				CODE_SIGN_STYLE = Automatic;
				CURRENT_PROJECT_VERSION = 1;
				GENERATE_INFOPLIST_FILE = YES;
				INFOPLIST_FILE = HomeWork8/Info.plist;
				INFOPLIST_KEY_UIApplicationSupportsIndirectInputEvents = YES;
				INFOPLIST_KEY_UILaunchStoryboardName = LaunchScreen;
				INFOPLIST_KEY_UIMainStoryboardFile = Main;
				INFOPLIST_KEY_UISupportedInterfaceOrientations_iPad = "UIInterfaceOrientationPortrait UIInterfaceOrientationPortraitUpsideDown UIInterfaceOrientationLandscapeLeft UIInterfaceOrientationLandscapeRight";
				INFOPLIST_KEY_UISupportedInterfaceOrientations_iPhone = "UIInterfaceOrientationPortrait UIInterfaceOrientationLandscapeLeft UIInterfaceOrientationLandscapeRight";
				IPHONEOS_DEPLOYMENT_TARGET = 15.0;
				LD_RUNPATH_SEARCH_PATHS = (
					"$(inherited)",
					"@executable_path/Frameworks",
				);
				MARKETING_VERSION = 1.0;
				PRODUCT_BUNDLE_IDENTIFIER = com.training.HomeWork8;
				PRODUCT_NAME = "$(TARGET_NAME)";
				SWIFT_EMIT_LOC_STRINGS = YES;
				SWIFT_VERSION = 5.0;
				TARGETED_DEVICE_FAMILY = "1,2";
			};
			name = Debug;
		};
		22DD4C052A1125D7001EE3FA /* Release */ = {
			isa = XCBuildConfiguration;
			buildSettings = {
				ASSETCATALOG_COMPILER_APPICON_NAME = AppIcon;
				ASSETCATALOG_COMPILER_GLOBAL_ACCENT_COLOR_NAME = AccentColor;
				CODE_SIGN_STYLE = Automatic;
				CURRENT_PROJECT_VERSION = 1;
				GENERATE_INFOPLIST_FILE = YES;
				INFOPLIST_FILE = HomeWork8/Info.plist;
				INFOPLIST_KEY_UIApplicationSupportsIndirectInputEvents = YES;
				INFOPLIST_KEY_UILaunchStoryboardName = LaunchScreen;
				INFOPLIST_KEY_UIMainStoryboardFile = Main;
				INFOPLIST_KEY_UISupportedInterfaceOrientations_iPad = "UIInterfaceOrientationPortrait UIInterfaceOrientationPortraitUpsideDown UIInterfaceOrientationLandscapeLeft UIInterfaceOrientationLandscapeRight";
				INFOPLIST_KEY_UISupportedInterfaceOrientations_iPhone = "UIInterfaceOrientationPortrait UIInterfaceOrientationLandscapeLeft UIInterfaceOrientationLandscapeRight";
				IPHONEOS_DEPLOYMENT_TARGET = 15.0;
				LD_RUNPATH_SEARCH_PATHS = (
					"$(inherited)",
					"@executable_path/Frameworks",
				);
				MARKETING_VERSION = 1.0;
				PRODUCT_BUNDLE_IDENTIFIER = com.training.HomeWork8;
				PRODUCT_NAME = "$(TARGET_NAME)";
				SWIFT_EMIT_LOC_STRINGS = YES;
				SWIFT_VERSION = 5.0;
				TARGETED_DEVICE_FAMILY = "1,2";
			};
			name = Release;
		};
/* End XCBuildConfiguration section */

/* Begin XCConfigurationList section */
		22DD4BEA2A1125D5001EE3FA /* Build configuration list for PBXProject "HomeWork8" */ = {
			isa = XCConfigurationList;
			buildConfigurations = (
				22DD4C012A1125D7001EE3FA /* Debug */,
				22DD4C022A1125D7001EE3FA /* Release */,
			);
			defaultConfigurationIsVisible = 0;
			defaultConfigurationName = Release;
		};
		22DD4C032A1125D7001EE3FA /* Build configuration list for PBXNativeTarget "HomeWork8" */ = {
			isa = XCConfigurationList;
			buildConfigurations = (
				22DD4C042A1125D7001EE3FA /* Debug */,
				22DD4C052A1125D7001EE3FA /* Release */,
			);
			defaultConfigurationIsVisible = 0;
			defaultConfigurationName = Release;
		};
/* End XCConfigurationList section */
	};
	rootObject = 22DD4BE72A1125D5001EE3FA /* Project object */;
}
